<?xml version="1.0" encoding="utf-8"?>
<Project ToolsVersion="4.0" xmlns="http://schemas.microsoft.com/developer/msbuild/2003">
  <ItemGroup>
    <Filter Include="Source Files">
      <UniqueIdentifier>{4FC737F1-C7A5-4376-A066-2A32D752A2FF}</UniqueIdentifier>
      <Extensions>cpp;c;cc;cxx;c++;cppm;ixx;def;odl;idl;hpj;bat;asm;asmx</Extensions>
    </Filter>
    <Filter Include="Header Files">
      <UniqueIdentifier>{93995380-89BD-4b04-88EB-625FBE52EBFB}</UniqueIdentifier>
      <Extensions>h;hh;hpp;hxx;h++;hm;inl;inc;ipp;xsd</Extensions>
    </Filter>
    <Filter Include="Resources">
      <UniqueIdentifier>{37d8a86f-c70c-463a-a69f-f7365ded13a7}</UniqueIdentifier>
    </Filter>
  </ItemGroup>
  <ItemGroup>
    <ClInclude Include="Lex.h">
      <Filter>Header Files</Filter>
    </ClInclude>
    <ClInclude Include="LexUtils.h">
      <Filter>Header Files</Filter>
    </ClInclude>
    <ClInclude Include="CodeGen.h">
      <Filter>Header Files</Filter>
    </ClInclude>
    <ClInclude Include="ParserUtils.h">
      <Filter>Header Files</Filter>
    </ClInclude>
    <ClInclude Include="Parser.h">
      <Filter>Header Files</Filter>
    </ClInclude>
    <ClInclude Include="TypeChecking.h">
      <Filter>Header Files</Filter>
    </ClInclude>
  </ItemGroup>
  <ItemGroup>
    <ClCompile Include="Source.cpp">
      <Filter>Source Files</Filter>
    </ClCompile>
  </ItemGroup>
  <ItemGroup>
    <Text Include="Resources\Source.txt">
      <Filter>Resources</Filter>
    </Text>
    <Text Include="Resources\lexToParse.txt">
      <Filter>Resources</Filter>
    </Text>
    <Text Include="Resources\symbolTable.txt">
      <Filter>Resources</Filter>
    </Text>
    <Text Include="Resources\Quads.txt">
      <Filter>Resources</Filter>
    </Text>
    <Text Include="Resources\GeneratedAssembly.txt">
      <Filter>Resources</Filter>
    </Text>
    <Text Include="Resources\StandardLibrary.txt">
      <Filter>Resources</Filter>
    </Text>
    <Text Include="Resources\Source1.txt">
      <Filter>Resources</Filter>
    </Text>
    <Text Include="Resources\C1.txt">
      <Filter>Resources</Filter>
    </Text>
    <Text Include="Resources\C2.txt">
      <Filter>Resources</Filter>
    </Text>
    <Text Include="Resources\C3.txt">
      <Filter>Resources</Filter>
    </Text>
    <Text Include="Resources\C4.txt">
      <Filter>Resources</Filter>
    </Text>
    <Text Include="Resources\B5.txt">
      <Filter>Resources</Filter>
    </Text>
    <Text Include="Resources\B6.txt">
      <Filter>Resources</Filter>
    </Text>
  </ItemGroup>
  <ItemGroup>
    <None Include="Resources\table.xlsx">
      <Filter>Resources</Filter>
    </None>
  </ItemGroup>
</Project>